
Microsoft Visual Studio Solution File, Format Version 12.00
# Visual Studio Version 17
VisualStudioVersion = 17.5.002.0
MinimumVisualStudioVersion = 10.0.40219.1
Project("{9A19103F-16F7-4668-BE54-9A1E7A4F7556}") = "DrawRectangle", "DrawRectangle.csproj", "{6708B889-9AB6-47D9-82C1-084027685155}"
EndProject
Global
	GlobalSection(SolutionConfigurationPlatforms) = preSolution
		Debug|Any CPU = Debug|Any CPU
		Release|Any CPU = Release|Any CPU
	EndGlobalSection
	GlobalSection(ProjectConfigurationPlatforms) = postSolution
		{6708B889-9AB6-47D9-82C1-084027685155}.Debug|Any CPU.ActiveCfg = Debug|Any CPU
		{6708B889-9AB6-47D9-82C1-084027685155}.Debug|Any CPU.Build.0 = Debug|Any CPU
		{6708B889-9AB6-47D9-82C1-084027685155}.Release|Any CPU.ActiveCfg = Release|Any CPU
		{6708B889-9AB6-47D9-82C1-084027685155}.Release|Any CPU.Build.0 = Release|Any CPU
	EndGlobalSection
	GlobalSection(SolutionProperties) = preSolution
		HideSolutionNode = FALSE
	EndGlobalSection
	GlobalSection(ExtensibilityGlobals) = postSolution
		SolutionGuid = {80924DB8-E4D9-4DB8-8C2C-D1DD0FC9844E}
	EndGlobalSection
EndGlobal
